
Microsoft Visual Studio Solution File, Format Version 12.00
# Visual Studio Version 16
VisualStudioVersion = 16.0.32002.261
MinimumVisualStudioVersion = 10.0.40219.1
Project("{FAE04EC0-301F-11D3-BF4B-00C04F79EFBC}") = "UILayer", "UILayer\UILayer.csproj", "{57373AA8-A06C-43D9-A7C3-4447DD520E2C}"
EndProject
Global
	GlobalSection(SolutionConfigurationPlatforms) = preSolution
		Debug|Any CPU = Debug|Any CPU
		Release|Any CPU = Release|Any CPU
	EndGlobalSection
	GlobalSection(ProjectConfigurationPlatforms) = postSolution
		{57373AA8-A06C-43D9-A7C3-4447DD520E2C}.Debug|Any CPU.ActiveCfg = Debug|Any CPU
		{57373AA8-A06C-43D9-A7C3-4447DD520E2C}.Debug|Any CPU.Build.0 = Debug|Any CPU
		{57373AA8-A06C-43D9-A7C3-4447DD520E2C}.Release|Any CPU.ActiveCfg = Release|Any CPU
		{57373AA8-A06C-43D9-A7C3-4447DD520E2C}.Release|Any CPU.Build.0 = Release|Any CPU
	EndGlobalSection
	GlobalSection(SolutionProperties) = preSolution
		HideSolutionNode = FALSE
	EndGlobalSection
	GlobalSection(ExtensibilityGlobals) = postSolution
		SolutionGuid = {8B23C9C5-58D5-4111-8C0D-60E37E62154B}
	EndGlobalSection
EndGlobal
